// !$*UTF8*$!
{
	archiveVersion = 1;
	classes = {
	};
	objectVersion = 50;
	objects = {

/* Begin PBXBuildFile section */
		241A6095210A891A008C06D6 /* AppDelegate.swift in Sources */ = {isa = PBXBuildFile; fileRef = 241A6094210A891A008C06D6 /* AppDelegate.swift */; };
		241A6097210A891A008C06D6 /* ViewController.swift in Sources */ = {isa = PBXBuildFile; fileRef = 241A6096210A891A008C06D6 /* ViewController.swift */; };
		241A609A210A891A008C06D6 /* Main.storyboard in Resources */ = {isa = PBXBuildFile; fileRef = 241A6098210A891A008C06D6 /* Main.storyboard */; };
		241A609C210A891C008C06D6 /* Assets.xcassets in Resources */ = {isa = PBXBuildFile; fileRef = 241A609B210A891C008C06D6 /* Assets.xcassets */; };
		241A609F210A891C008C06D6 /* LaunchScreen.storyboard in Resources */ = {isa = PBXBuildFile; fileRef = 241A609D210A891C008C06D6 /* LaunchScreen.storyboard */; };
		241A60BB210A89A8008C06D6 /* icons_winter_03.png in Resources */ = {isa = PBXBuildFile; fileRef = 241A60A7210A89A7008C06D6 /* icons_winter_03.png */; };
		241A60BC210A89A8008C06D6 /* summericons_100px_06.png in Resources */ = {isa = PBXBuildFile; fileRef = 241A60A8210A89A7008C06D6 /* summericons_100px_06.png */; };
		241A60BD210A89A8008C06D6 /* icons_winter_08.png in Resources */ = {isa = PBXBuildFile; fileRef = 241A60A9210A89A7008C06D6 /* icons_winter_08.png */; };
		241A60BE210A89A8008C06D6 /* summericons_100px_01.png in Resources */ = {isa = PBXBuildFile; fileRef = 241A60AA210A89A7008C06D6 /* summericons_100px_01.png */; };
		241A60BF210A89A8008C06D6 /* icons_winter_10.png in Resources */ = {isa = PBXBuildFile; fileRef = 241A60AB210A89A7008C06D6 /* icons_winter_10.png */; };
		241A60C0210A89A8008C06D6 /* summericons_100px_04.png in Resources */ = {isa = PBXBuildFile; fileRef = 241A60AC210A89A7008C06D6 /* summericons_100px_04.png */; };
		241A60C1210A89A8008C06D6 /* icons_winter_01.png in Resources */ = {isa = PBXBuildFile; fileRef = 241A60AD210A89A7008C06D6 /* icons_winter_01.png */; };
		241A60C2210A89A8008C06D6 /* icons_winter_09.png in Resources */ = {isa = PBXBuildFile; fileRef = 241A60AE210A89A7008C06D6 /* icons_winter_09.png */; };
		241A60C3210A89A8008C06D6 /* summericons_100px_02.png in Resources */ = {isa = PBXBuildFile; fileRef = 241A60AF210A89A7008C06D6 /* summericons_100px_02.png */; };
		241A60C4210A89A8008C06D6 /* icons_winter_07.png in Resources */ = {isa = PBXBuildFile; fileRef = 241A60B0210A89A7008C06D6 /* icons_winter_07.png */; };
		241A60C5210A89A8008C06D6 /* icons_winter_05.png in Resources */ = {isa = PBXBuildFile; fileRef = 241A60B1210A89A7008C06D6 /* icons_winter_05.png */; };
		241A60C6210A89A8008C06D6 /* summericons_100px_05.png in Resources */ = {isa = PBXBuildFile; fileRef = 241A60B2210A89A7008C06D6 /* summericons_100px_05.png */; };
		241A60C7210A89A8008C06D6 /* summericons_100px_08.png in Resources */ = {isa = PBXBuildFile; fileRef = 241A60B3210A89A7008C06D6 /* summericons_100px_08.png */; };
		241A60C8210A89A8008C06D6 /* summericons_100px_07.png in Resources */ = {isa = PBXBuildFile; fileRef = 241A60B4210A89A7008C06D6 /* summericons_100px_07.png */; };
		241A60C9210A89A8008C06D6 /* icons_winter_04.png in Resources */ = {isa = PBXBuildFile; fileRef = 241A60B5210A89A7008C06D6 /* icons_winter_04.png */; };
		241A60CA210A89A8008C06D6 /* summericons_100px_09.png in Resources */ = {isa = PBXBuildFile; fileRef = 241A60B6210A89A7008C06D6 /* summericons_100px_09.png */; };
		241A60CB210A89A8008C06D6 /* summericons_100px_10.png in Resources */ = {isa = PBXBuildFile; fileRef = 241A60B7210A89A7008C06D6 /* summericons_100px_10.png */; };
		241A60CC210A89A8008C06D6 /* icons_winter_02.png in Resources */ = {isa = PBXBuildFile; fileRef = 241A60B8210A89A7008C06D6 /* icons_winter_02.png */; };
		241A60CD210A89A8008C06D6 /* icons_winter_06.png in Resources */ = {isa = PBXBuildFile; fileRef = 241A60B9210A89A8008C06D6 /* icons_winter_06.png */; };
		241A60CE210A89A8008C06D6 /* summericons_100px_03.png in Resources */ = {isa = PBXBuildFile; fileRef = 241A60BA210A89A8008C06D6 /* summericons_100px_03.png */; };
		241A60D0210A89D8008C06D6 /* Icon.swift in Sources */ = {isa = PBXBuildFile; fileRef = 241A60CF210A89D8008C06D6 /* Icon.swift */; };
		FE06FA2F211636AA00777207 /* DisplayIconsTableTableViewController.swift in Sources */ = {isa = PBXBuildFile; fileRef = FE06FA2E211636AA00777207 /* DisplayIconsTableTableViewController.swift */; };
		FE1465DD2112BA310079B77C /* star_sel.png in Resources */ = {isa = PBXBuildFile; fileRef = FE1465DA2112BA310079B77C /* star_sel.png */; };
		FE1465DE2112BA310079B77C /* eyeball.png in Resources */ = {isa = PBXBuildFile; fileRef = FE1465DB2112BA310079B77C /* eyeball.png */; };
		FE1465DF2112BA310079B77C /* star_uns.png in Resources */ = {isa = PBXBuildFile; fileRef = FE1465DC2112BA310079B77C /* star_uns.png */; };
		FE1465E22112BAB60079B77C /* IconSet.swift in Sources */ = {isa = PBXBuildFile; fileRef = FE1465E12112BAB60079B77C /* IconSet.swift */; };
/* End PBXBuildFile section */

/* Begin PBXFileReference section */
		241A6091210A891A008C06D6 /* TableViewCell_DisplayDifferentSeasons.app */ = {isa = PBXFileReference; explicitFileType = wrapper.application; includeInIndex = 0; path = TableViewCell_DisplayDifferentSeasons.app; sourceTree = BUILT_PRODUCTS_DIR; };
		241A6094210A891A008C06D6 /* AppDelegate.swift */ = {isa = PBXFileReference; lastKnownFileType = sourcecode.swift; path = AppDelegate.swift; sourceTree = "<group>"; };
		241A6096210A891A008C06D6 /* ViewController.swift */ = {isa = PBXFileReference; lastKnownFileType = sourcecode.swift; path = ViewController.swift; sourceTree = "<group>"; };
		241A6099210A891A008C06D6 /* Base */ = {isa = PBXFileReference; lastKnownFileType = file.storyboard; name = Base; path = Base.lproj/Main.storyboard; sourceTree = "<group>"; };
		241A609B210A891C008C06D6 /* Assets.xcassets */ = {isa = PBXFileReference; lastKnownFileType = folder.assetcatalog; path = Assets.xcassets; sourceTree = "<group>"; };
		241A609E210A891C008C06D6 /* Base */ = {isa = PBXFileReference; lastKnownFileType = file.storyboard; name = Base; path = Base.lproj/LaunchScreen.storyboard; sourceTree = "<group>"; };
		241A60A0210A891C008C06D6 /* Info.plist */ = {isa = PBXFileReference; lastKnownFileType = text.plist.xml; path = Info.plist; sourceTree = "<group>"; };
		241A60A7210A89A7008C06D6 /* icons_winter_03.png */ = {isa = PBXFileReference; lastKnownFileType = image.png; path = icons_winter_03.png; sourceTree = "<group>"; };
		241A60A8210A89A7008C06D6 /* summericons_100px_06.png */ = {isa = PBXFileReference; lastKnownFileType = image.png; path = summericons_100px_06.png; sourceTree = "<group>"; };
		241A60A9210A89A7008C06D6 /* icons_winter_08.png */ = {isa = PBXFileReference; lastKnownFileType = image.png; path = icons_winter_08.png; sourceTree = "<group>"; };
		241A60AA210A89A7008C06D6 /* summericons_100px_01.png */ = {isa = PBXFileReference; lastKnownFileType = image.png; path = summericons_100px_01.png; sourceTree = "<group>"; };
		241A60AB210A89A7008C06D6 /* icons_winter_10.png */ = {isa = PBXFileReference; lastKnownFileType = image.png; path = icons_winter_10.png; sourceTree = "<group>"; };
		241A60AC210A89A7008C06D6 /* summericons_100px_04.png */ = {isa = PBXFileReference; lastKnownFileType = image.png; path = summericons_100px_04.png; sourceTree = "<group>"; };
		241A60AD210A89A7008C06D6 /* icons_winter_01.png */ = {isa = PBXFileReference; lastKnownFileType = image.png; path = icons_winter_01.png; sourceTree = "<group>"; };
		241A60AE210A89A7008C06D6 /* icons_winter_09.png */ = {isa = PBXFileReference; lastKnownFileType = image.png; path = icons_winter_09.png; sourceTree = "<group>"; };
		241A60AF210A89A7008C06D6 /* summericons_100px_02.png */ = {isa = PBXFileReference; lastKnownFileType = image.png; path = summericons_100px_02.png; sourceTree = "<group>"; };
		241A60B0210A89A7008C06D6 /* icons_winter_07.png */ = {isa = PBXFileReference; lastKnownFileType = image.png; path = icons_winter_07.png; sourceTree = "<group>"; };
		241A60B1210A89A7008C06D6 /* icons_winter_05.png */ = {isa = PBXFileReference; lastKnownFileType = image.png; path = icons_winter_05.png; sourceTree = "<group>"; };
		241A60B2210A89A7008C06D6 /* summericons_100px_05.png */ = {isa = PBXFileReference; lastKnownFileType = image.png; path = summericons_100px_05.png; sourceTree = "<group>"; };
		241A60B3210A89A7008C06D6 /* summericons_100px_08.png */ = {isa = PBXFileReference; lastKnownFileType = image.png; path = summericons_100px_08.png; sourceTree = "<group>"; };
		241A60B4210A89A7008C06D6 /* summericons_100px_07.png */ = {isa = PBXFileReference; lastKnownFileType = image.png; path = summericons_100px_07.png; sourceTree = "<group>"; };
		241A60B5210A89A7008C06D6 /* icons_winter_04.png */ = {isa = PBXFileReference; lastKnownFileType = image.png; path = icons_winter_04.png; sourceTree = "<group>"; };
		241A60B6210A89A7008C06D6 /* summericons_100px_09.png */ = {isa = PBXFileReference; lastKnownFileType = image.png; path = summericons_100px_09.png; sourceTree = "<group>"; };
		241A60B7210A89A7008C06D6 /* summericons_100px_10.png */ = {isa = PBXFileReference; lastKnownFileType = image.png; path = summericons_100px_10.png; sourceTree = "<group>"; };
		241A60B8210A89A7008C06D6 /* icons_winter_02.png */ = {isa = PBXFileReference; lastKnownFileType = image.png; path = icons_winter_02.png; sourceTree = "<group>"; };
		241A60B9210A89A8008C06D6 /* icons_winter_06.png */ = {isa = PBXFileReference; lastKnownFileType = image.png; path = icons_winter_06.png; sourceTree = "<group>"; };
		241A60BA210A89A8008C06D6 /* summericons_100px_03.png */ = {isa = PBXFileReference; lastKnownFileType = image.png; path = summericons_100px_03.png; sourceTree = "<group>"; };
		241A60CF210A89D8008C06D6 /* Icon.swift */ = {isa = PBXFileReference; lastKnownFileType = sourcecode.swift; path = Icon.swift; sourceTree = "<group>"; };
		FE06FA2E211636AA00777207 /* DisplayIconsTableTableViewController.swift */ = {isa = PBXFileReference; lastKnownFileType = sourcecode.swift; name = DisplayIconsTableTableViewController.swift; path = TableViewCell_DisplayDifferentSeasons/DisplayIconsTableTableViewController.swift; sourceTree = "<group>"; };
		FE1465DA2112BA310079B77C /* star_sel.png */ = {isa = PBXFileReference; lastKnownFileType = image.png; path = star_sel.png; sourceTree = "<group>"; };
		FE1465DB2112BA310079B77C /* eyeball.png */ = {isa = PBXFileReference; lastKnownFileType = image.png; path = eyeball.png; sourceTree = "<group>"; };
		FE1465DC2112BA310079B77C /* star_uns.png */ = {isa = PBXFileReference; lastKnownFileType = image.png; path = star_uns.png; sourceTree = "<group>"; };
		FE1465E12112BAB60079B77C /* IconSet.swift */ = {isa = PBXFileReference; lastKnownFileType = sourcecode.swift; path = IconSet.swift; sourceTree = "<group>"; };
/* End PBXFileReference section */

/* Begin PBXFrameworksBuildPhase section */
		241A608E210A891A008C06D6 /* Frameworks */ = {
			isa = PBXFrameworksBuildPhase;
			buildActionMask = 2147483647;
			files = (
			);
			runOnlyForDeploymentPostprocessing = 0;
		};
/* End PBXFrameworksBuildPhase section */

/* Begin PBXGroup section */
		241A6088210A891A008C06D6 = {
			isa = PBXGroup;
			children = (
				FE06FA2E211636AA00777207 /* DisplayIconsTableTableViewController.swift */,
				241A6093210A891A008C06D6 /* TableViewCell_DisplayDifferentSeasons */,
				241A6092210A891A008C06D6 /* Products */,
			);
			sourceTree = "<group>";
		};
		241A6092210A891A008C06D6 /* Products */ = {
			isa = PBXGroup;
			children = (
				241A6091210A891A008C06D6 /* TableViewCell_DisplayDifferentSeasons.app */,
			);
			name = Products;
			sourceTree = "<group>";
		};
		241A6093210A891A008C06D6 /* TableViewCell_DisplayDifferentSeasons */ = {
			isa = PBXGroup;
			children = (
				FE1465E02112BA6F0079B77C /* Model */,
				FE1465D92112BA310079B77C /* Images */,
				241A60A6210A898D008C06D6 /* Icons */,
				241A6094210A891A008C06D6 /* AppDelegate.swift */,
				241A6096210A891A008C06D6 /* ViewController.swift */,
				241A6098210A891A008C06D6 /* Main.storyboard */,
				241A609B210A891C008C06D6 /* Assets.xcassets */,
				241A609D210A891C008C06D6 /* LaunchScreen.storyboard */,
				241A60A0210A891C008C06D6 /* Info.plist */,
			);
			path = TableViewCell_DisplayDifferentSeasons;
			sourceTree = "<group>";
		};
		241A60A6210A898D008C06D6 /* Icons */ = {
			isa = PBXGroup;
			children = (
				241A60AD210A89A7008C06D6 /* icons_winter_01.png */,
				241A60B8210A89A7008C06D6 /* icons_winter_02.png */,
				241A60A7210A89A7008C06D6 /* icons_winter_03.png */,
				241A60B5210A89A7008C06D6 /* icons_winter_04.png */,
				241A60B1210A89A7008C06D6 /* icons_winter_05.png */,
				241A60B9210A89A8008C06D6 /* icons_winter_06.png */,
				241A60B0210A89A7008C06D6 /* icons_winter_07.png */,
				241A60A9210A89A7008C06D6 /* icons_winter_08.png */,
				241A60AE210A89A7008C06D6 /* icons_winter_09.png */,
				241A60AB210A89A7008C06D6 /* icons_winter_10.png */,
				241A60AA210A89A7008C06D6 /* summericons_100px_01.png */,
				241A60AF210A89A7008C06D6 /* summericons_100px_02.png */,
				241A60BA210A89A8008C06D6 /* summericons_100px_03.png */,
				241A60AC210A89A7008C06D6 /* summericons_100px_04.png */,
				241A60B2210A89A7008C06D6 /* summericons_100px_05.png */,
				241A60A8210A89A7008C06D6 /* summericons_100px_06.png */,
				241A60B4210A89A7008C06D6 /* summericons_100px_07.png */,
				241A60B3210A89A7008C06D6 /* summericons_100px_08.png */,
				241A60B6210A89A7008C06D6 /* summericons_100px_09.png */,
				241A60B7210A89A7008C06D6 /* summericons_100px_10.png */,
			);
			path = Icons;
			sourceTree = "<group>";
		};
		FE1465D92112BA310079B77C /* Images */ = {
			isa = PBXGroup;
			children = (
				FE1465DA2112BA310079B77C /* star_sel.png */,
				FE1465DB2112BA310079B77C /* eyeball.png */,
				FE1465DC2112BA310079B77C /* star_uns.png */,
			);
			path = Images;
			sourceTree = "<group>";
		};
		FE1465E02112BA6F0079B77C /* Model */ = {
			isa = PBXGroup;
			children = (
				241A60CF210A89D8008C06D6 /* Icon.swift */,
				FE1465E12112BAB60079B77C /* IconSet.swift */,
			);
			path = Model;
			sourceTree = "<group>";
		};
/* End PBXGroup section */

/* Begin PBXNativeTarget section */
		241A6090210A891A008C06D6 /* TableViewCell_DisplayDifferentSeasons */ = {
			isa = PBXNativeTarget;
			buildConfigurationList = 241A60A3210A891C008C06D6 /* Build configuration list for PBXNativeTarget "TableViewCell_DisplayDifferentSeasons" */;
			buildPhases = (
				241A608D210A891A008C06D6 /* Sources */,
				241A608E210A891A008C06D6 /* Frameworks */,
				241A608F210A891A008C06D6 /* Resources */,
			);
			buildRules = (
			);
			dependencies = (
			);
			name = TableViewCell_DisplayDifferentSeasons;
			productName = TableViewCell_DisplayDifferentSeasons;
			productReference = 241A6091210A891A008C06D6 /* TableViewCell_DisplayDifferentSeasons.app */;
			productType = "com.apple.product-type.application";
		};
/* End PBXNativeTarget section */

/* Begin PBXProject section */
		241A6089210A891A008C06D6 /* Project object */ = {
			isa = PBXProject;
			attributes = {
				LastSwiftUpdateCheck = 0940;
				LastUpgradeCheck = 0940;
				ORGANIZATIONNAME = "Pranay Boggarapu";
				TargetAttributes = {
					241A6090210A891A008C06D6 = {
						CreatedOnToolsVersion = 9.4.1;
					};
				};
			};
			buildConfigurationList = 241A608C210A891A008C06D6 /* Build configuration list for PBXProject "TableViewCell_DisplayDifferentSeasons" */;
			compatibilityVersion = "Xcode 9.3";
			developmentRegion = en;
			hasScannedForEncodings = 0;
			knownRegions = (
				en,
				Base,
			);
			mainGroup = 241A6088210A891A008C06D6;
			productRefGroup = 241A6092210A891A008C06D6 /* Products */;
			projectDirPath = "";
			projectRoot = "";
			targets = (
				241A6090210A891A008C06D6 /* TableViewCell_DisplayDifferentSeasons */,
			);
		};
/* End PBXProject section */

/* Begin PBXResourcesBuildPhase section */
		241A608F210A891A008C06D6 /* Resources */ = {
			isa = PBXResourcesBuildPhase;
			buildActionMask = 2147483647;
			files = (
				241A60CA210A89A8008C06D6 /* summericons_100px_09.png in Resources */,
				241A60C2210A89A8008C06D6 /* icons_winter_09.png in Resources */,
				241A60C1210A89A8008C06D6 /* icons_winter_01.png in Resources */,
				241A60CD210A89A8008C06D6 /* icons_winter_06.png in Resources */,
				241A60BB210A89A8008C06D6 /* icons_winter_03.png in Resources */,
				241A60CB210A89A8008C06D6 /* summericons_100px_10.png in Resources */,
				241A609F210A891C008C06D6 /* LaunchScreen.storyboard in Resources */,
				241A60C0210A89A8008C06D6 /* summericons_100px_04.png in Resources */,
				241A60C4210A89A8008C06D6 /* icons_winter_07.png in Resources */,
				241A60C5210A89A8008C06D6 /* icons_winter_05.png in Resources */,
				FE1465DF2112BA310079B77C /* star_uns.png in Resources */,
				241A60CC210A89A8008C06D6 /* icons_winter_02.png in Resources */,
				241A60CE210A89A8008C06D6 /* summericons_100px_03.png in Resources */,
				241A60C3210A89A8008C06D6 /* summericons_100px_02.png in Resources */,
				241A60BF210A89A8008C06D6 /* icons_winter_10.png in Resources */,
				FE1465DE2112BA310079B77C /* eyeball.png in Resources */,
				241A60C9210A89A8008C06D6 /* icons_winter_04.png in Resources */,
				241A60C8210A89A8008C06D6 /* summericons_100px_07.png in Resources */,
				241A609C210A891C008C06D6 /* Assets.xcassets in Resources */,
				241A60BD210A89A8008C06D6 /* icons_winter_08.png in Resources */,
				241A609A210A891A008C06D6 /* Main.storyboard in Resources */,
				241A60BE210A89A8008C06D6 /* summericons_100px_01.png in Resources */,
				FE1465DD2112BA310079B77C /* star_sel.png in Resources */,
				241A60BC210A89A8008C06D6 /* summericons_100px_06.png in Resources */,
				241A60C6210A89A8008C06D6 /* summericons_100px_05.png in Resources */,
				241A60C7210A89A8008C06D6 /* summericons_100px_08.png in Resources */,
			);
			runOnlyForDeploymentPostprocessing = 0;
		};
/* End PBXResourcesBuildPhase section */

/* Begin PBXSourcesBuildPhase section */
		241A608D210A891A008C06D6 /* Sources */ = {
			isa = PBXSourcesBuildPhase;
			buildActionMask = 2147483647;
			files = (
				FE06FA2F211636AA00777207 /* DisplayIconsTableTableViewController.swift in Sources */,
				241A60D0210A89D8008C06D6 /* Icon.swift in Sources */,
				FE1465E22112BAB60079B77C /* IconSet.swift in Sources */,
				241A6097210A891A008C06D6 /* ViewController.swift in Sources */,
				241A6095210A891A008C06D6 /* AppDelegate.swift in Sources */,
			);
			runOnlyForDeploymentPostprocessing = 0;
		};
/* End PBXSourcesBuildPhase section */

/* Begin PBXVariantGroup section */
		241A6098210A891A008C06D6 /* Main.storyboard */ = {
			isa = PBXVariantGroup;
			children = (
				241A6099210A891A008C06D6 /* Base */,
			);
			name = Main.storyboard;
			sourceTree = "<group>";
		};
		241A609D210A891C008C06D6 /* LaunchScreen.storyboard */ = {
			isa = PBXVariantGroup;
			children = (
				241A609E210A891C008C06D6 /* Base */,
			);
			name = LaunchScreen.storyboard;
			sourceTree = "<group>";
		};
/* End PBXVariantGroup section */

/* Begin XCBuildConfiguration section */
		241A60A1210A891C008C06D6 /* Debug */ = {
			isa = XCBuildConfiguration;
			buildSettings = {
				ALWAYS_SEARCH_USER_PATHS = NO;
				CLANG_ANALYZER_NONNULL = YES;
				CLANG_ANALYZER_NUMBER_OBJECT_CONVERSION = YES_AGGRESSIVE;
				CLANG_CXX_LANGUAGE_STANDARD = "gnu++14";
				CLANG_CXX_LIBRARY = "libc++";
				CLANG_ENABLE_MODULES = YES;
				CLANG_ENABLE_OBJC_ARC = YES;
				CLANG_ENABLE_OBJC_WEAK = YES;
				CLANG_WARN_BLOCK_CAPTURE_AUTORELEASING = YES;
				CLANG_WARN_BOOL_CONVERSION = YES;
				CLANG_WARN_COMMA = YES;
				CLANG_WARN_CONSTANT_CONVERSION = YES;
				CLANG_WARN_DEPRECATED_OBJC_IMPLEMENTATIONS = YES;
				CLANG_WARN_DIRECT_OBJC_ISA_USAGE = YES_ERROR;
				CLANG_WARN_DOCUMENTATION_COMMENTS = YES;
				CLANG_WARN_EMPTY_BODY = YES;
				CLANG_WARN_ENUM_CONVERSION = YES;
				CLANG_WARN_INFINITE_RECURSION = YES;
				CLANG_WARN_INT_CONVERSION = YES;
				CLANG_WARN_NON_LITERAL_NULL_CONVERSION = YES;
				CLANG_WARN_OBJC_IMPLICIT_RETAIN_SELF = YES;
				CLANG_WARN_OBJC_LITERAL_CONVERSION = YES;
				CLANG_WARN_OBJC_ROOT_CLASS = YES_ERROR;
				CLANG_WARN_RANGE_LOOP_ANALYSIS = YES;
				CLANG_WARN_STRICT_PROTOTYPES = YES;
				CLANG_WARN_SUSPICIOUS_MOVE = YES;
				CLANG_WARN_UNGUARDED_AVAILABILITY = YES_AGGRESSIVE;
				CLANG_WARN_UNREACHABLE_CODE = YES;
				CLANG_WARN__DUPLICATE_METHOD_MATCH = YES;
				CODE_SIGN_IDENTITY = "iPhone Developer";
				COPY_PHASE_STRIP = NO;
				DEBUG_INFORMATION_FORMAT = dwarf;
				ENABLE_STRICT_OBJC_MSGSEND = YES;
				ENABLE_TESTABILITY = YES;
				GCC_C_LANGUAGE_STANDARD = gnu11;
				GCC_DYNAMIC_NO_PIC = NO;
				GCC_NO_COMMON_BLOCKS = YES;
				GCC_OPTIMIZATION_LEVEL = 0;
				GCC_PREPROCESSOR_DEFINITIONS = (
					"DEBUG=1",
					"$(inherited)",
				);
				GCC_WARN_64_TO_32_BIT_CONVERSION = YES;
				GCC_WARN_ABOUT_RETURN_TYPE = YES_ERROR;
				GCC_WARN_UNDECLARED_SELECTOR = YES;
				GCC_WARN_UNINITIALIZED_AUTOS = YES_AGGRESSIVE;
				GCC_WARN_UNUSED_FUNCTION = YES;
				GCC_WARN_UNUSED_VARIABLE = YES;
				IPHONEOS_DEPLOYMENT_TARGET = 11.4;
				MTL_ENABLE_DEBUG_INFO = YES;
				ONLY_ACTIVE_ARCH = YES;
				SDKROOT = iphoneos;
				SWIFT_ACTIVE_COMPILATION_CONDITIONS = DEBUG;
				SWIFT_OPTIMIZATION_LEVEL = "-Onone";
			};
			name = Debug;
		};
		241A60A2210A891C008C06D6 /* Release */ = {
			isa = XCBuildConfiguration;
			buildSettings = {
				ALWAYS_SEARCH_USER_PATHS = NO;
				CLANG_ANALYZER_NONNULL = YES;
				CLANG_ANALYZER_NUMBER_OBJECT_CONVERSION = YES_AGGRESSIVE;
				CLANG_CXX_LANGUAGE_STANDARD = "gnu++14";
				CLANG_CXX_LIBRARY = "libc++";
				CLANG_ENABLE_MODULES = YES;
				CLANG_ENABLE_OBJC_ARC = YES;
				CLANG_ENABLE_OBJC_WEAK = YES;
				CLANG_WARN_BLOCK_CAPTURE_AUTORELEASING = YES;
				CLANG_WARN_BOOL_CONVERSION = YES;
				CLANG_WARN_COMMA = YES;
				CLANG_WARN_CONSTANT_CONVERSION = YES;
				CLANG_WARN_DEPRECATED_OBJC_IMPLEMENTATIONS = YES;
				CLANG_WARN_DIRECT_OBJC_ISA_USAGE = YES_ERROR;
				CLANG_WARN_DOCUMENTATION_COMMENTS = YES;
				CLANG_WARN_EMPTY_BODY = YES;
				CLANG_WARN_ENUM_CONVERSION = YES;
				CLANG_WARN_INFINITE_RECURSION = YES;
				CLANG_WARN_INT_CONVERSION = YES;
				CLANG_WARN_NON_LITERAL_NULL_CONVERSION = YES;
				CLANG_WARN_OBJC_IMPLICIT_RETAIN_SELF = YES;
				CLANG_WARN_OBJC_LITERAL_CONVERSION = YES;
				CLANG_WARN_OBJC_ROOT_CLASS = YES_ERROR;
				CLANG_WARN_RANGE_LOOP_ANALYSIS = YES;
				CLANG_WARN_STRICT_PROTOTYPES = YES;
				CLANG_WARN_SUSPICIOUS_MOVE = YES;
				CLANG_WARN_UNGUARDED_AVAILABILITY = YES_AGGRESSIVE;
				CLANG_WARN_UNREACHABLE_CODE = YES;
				CLANG_WARN__DUPLICATE_METHOD_MATCH = YES;
				CODE_SIGN_IDENTITY = "iPhone Developer";
				COPY_PHASE_STRIP = NO;
				DEBUG_INFORMATION_FORMAT = "dwarf-with-dsym";
				ENABLE_NS_ASSERTIONS = NO;
				ENABLE_STRICT_OBJC_MSGSEND = YES;
				GCC_C_LANGUAGE_STANDARD = gnu11;
				GCC_NO_COMMON_BLOCKS = YES;
				GCC_WARN_64_TO_32_BIT_CONVERSION = YES;
				GCC_WARN_ABOUT_RETURN_TYPE = YES_ERROR;
				GCC_WARN_UNDECLARED_SELECTOR = YES;
				GCC_WARN_UNINITIALIZED_AUTOS = YES_AGGRESSIVE;
				GCC_WARN_UNUSED_FUNCTION = YES;
				GCC_WARN_UNUSED_VARIABLE = YES;
				IPHONEOS_DEPLOYMENT_TARGET = 11.4;
				MTL_ENABLE_DEBUG_INFO = NO;
				SDKROOT = iphoneos;
				SWIFT_COMPILATION_MODE = wholemodule;
				SWIFT_OPTIMIZATION_LEVEL = "-O";
				VALIDATE_PRODUCT = YES;
			};
			name = Release;
		};
		241A60A4210A891C008C06D6 /* Debug */ = {
			isa = XCBuildConfiguration;
			buildSettings = {
				ASSETCATALOG_COMPILER_APPICON_NAME = AppIcon;
				CODE_SIGN_STYLE = Automatic;
				DEVELOPMENT_TEAM = E729WT32YG;
				INFOPLIST_FILE = TableViewCell_DisplayDifferentSeasons/Info.plist;
				LD_RUNPATH_SEARCH_PATHS = (
					"$(inherited)",
					"@executable_path/Frameworks",
				);
				PRODUCT_BUNDLE_IDENTIFIER = "myOrg.TableViewCell-DisplayDifferentSeasons";
				PRODUCT_NAME = "$(TARGET_NAME)";
				SWIFT_VERSION = 4.0;
				TARGETED_DEVICE_FAMILY = "1,2";
			};
			name = Debug;
		};
		241A60A5210A891C008C06D6 /* Release */ = {
			isa = XCBuildConfiguration;
			buildSettings = {
				ASSETCATALOG_COMPILER_APPICON_NAME = AppIcon;
				CODE_SIGN_STYLE = Automatic;
				DEVELOPMENT_TEAM = E729WT32YG;
				INFOPLIST_FILE = TableViewCell_DisplayDifferentSeasons/Info.plist;
				LD_RUNPATH_SEARCH_PATHS = (
					"$(inherited)",
					"@executable_path/Frameworks",
				);
				PRODUCT_BUNDLE_IDENTIFIER = "myOrg.TableViewCell-DisplayDifferentSeasons";
				PRODUCT_NAME = "$(TARGET_NAME)";
				SWIFT_VERSION = 4.0;
				TARGETED_DEVICE_FAMILY = "1,2";
			};
			name = Release;
		};
/* End XCBuildConfiguration section */

/* Begin XCConfigurationList section */
		241A608C210A891A008C06D6 /* Build configuration list for PBXProject "TableViewCell_DisplayDifferentSeasons" */ = {
			isa = XCConfigurationList;
			buildConfigurations = (
				241A60A1210A891C008C06D6 /* Debug */,
				241A60A2210A891C008C06D6 /* Release */,
			);
			defaultConfigurationIsVisible = 0;
			defaultConfigurationName = Release;
		};
		241A60A3210A891C008C06D6 /* Build configuration list for PBXNativeTarget "TableViewCell_DisplayDifferentSeasons" */ = {
			isa = XCConfigurationList;
			buildConfigurations = (
				241A60A4210A891C008C06D6 /* Debug */,
				241A60A5210A891C008C06D6 /* Release */,
			);
			defaultConfigurationIsVisible = 0;
			defaultConfigurationName = Release;
		};
/* End XCConfigurationList section */
	};
	rootObject = 241A6089210A891A008C06D6 /* Project object */;
}
